// !$*UTF8*$!
{
	archiveVersion = 1;
	classes = {
	};
	objectVersion = 46;
	objects = {

/* Begin PBXBuildFile section */
		7A09736A1E4AFF25003867AF /* AppDelegate.swift in Sources */ = {isa = PBXBuildFile; fileRef = 7A0973691E4AFF25003867AF /* AppDelegate.swift */; };
		7A09736C1E4AFF25003867AF /* ViewController.swift in Sources */ = {isa = PBXBuildFile; fileRef = 7A09736B1E4AFF25003867AF /* ViewController.swift */; };
		7A09736F1E4AFF25003867AF /* Main.storyboard in Resources */ = {isa = PBXBuildFile; fileRef = 7A09736D1E4AFF25003867AF /* Main.storyboard */; };
		7A0973711E4AFF25003867AF /* Assets.xcassets in Resources */ = {isa = PBXBuildFile; fileRef = 7A0973701E4AFF25003867AF /* Assets.xcassets */; };
		7A0973741E4AFF25003867AF /* LaunchScreen.storyboard in Resources */ = {isa = PBXBuildFile; fileRef = 7A0973721E4AFF25003867AF /* LaunchScreen.storyboard */; };
		7A09737E1E4B1344003867AF /* GCDObjcViewController.m in Sources */ = {isa = PBXBuildFile; fileRef = 7A09737D1E4B1344003867AF /* GCDObjcViewController.m */; };
		7A09B6D61EB9BDB400D62529 /* AnimationOperation.swift in Sources */ = {isa = PBXBuildFile; fileRef = 7A09B6D51EB9BDB400D62529 /* AnimationOperation.swift */; };
		7A3DA6851EBB16F800F0539B /* AnimationViewOperation.m in Sources */ = {isa = PBXBuildFile; fileRef = 7A3DA6841EBB16F800F0539B /* AnimationViewOperation.m */; };
/* End PBXBuildFile section */

/* Begin PBXFileReference section */
		7A0973661E4AFF25003867AF /* GCDDemo.app */ = {isa = PBXFileReference; explicitFileType = wrapper.application; includeInIndex = 0; path = GCDDemo.app; sourceTree = BUILT_PRODUCTS_DIR; };
		7A0973691E4AFF25003867AF /* AppDelegate.swift */ = {isa = PBXFileReference; lastKnownFileType = sourcecode.swift; path = AppDelegate.swift; sourceTree = "<group>"; };
		7A09736B1E4AFF25003867AF /* ViewController.swift */ = {isa = PBXFileReference; lastKnownFileType = sourcecode.swift; path = ViewController.swift; sourceTree = "<group>"; };
		7A09736E1E4AFF25003867AF /* Base */ = {isa = PBXFileReference; lastKnownFileType = file.storyboard; name = Base; path = Base.lproj/Main.storyboard; sourceTree = "<group>"; };
		7A0973701E4AFF25003867AF /* Assets.xcassets */ = {isa = PBXFileReference; lastKnownFileType = folder.assetcatalog; path = Assets.xcassets; sourceTree = "<group>"; };
		7A0973731E4AFF25003867AF /* Base */ = {isa = PBXFileReference; lastKnownFileType = file.storyboard; name = Base; path = Base.lproj/LaunchScreen.storyboard; sourceTree = "<group>"; };
		7A0973751E4AFF25003867AF /* Info.plist */ = {isa = PBXFileReference; lastKnownFileType = text.plist.xml; path = Info.plist; sourceTree = "<group>"; };
		7A09737B1E4B1343003867AF /* GCDDemo-Bridging-Header.h */ = {isa = PBXFileReference; lastKnownFileType = sourcecode.c.h; path = "GCDDemo-Bridging-Header.h"; sourceTree = "<group>"; };
		7A09737C1E4B1344003867AF /* GCDObjcViewController.h */ = {isa = PBXFileReference; fileEncoding = 4; lastKnownFileType = sourcecode.c.h; path = GCDObjcViewController.h; sourceTree = "<group>"; };
		7A09737D1E4B1344003867AF /* GCDObjcViewController.m */ = {isa = PBXFileReference; fileEncoding = 4; lastKnownFileType = sourcecode.c.objc; path = GCDObjcViewController.m; sourceTree = "<group>"; };
		7A09B6D51EB9BDB400D62529 /* AnimationOperation.swift */ = {isa = PBXFileReference; fileEncoding = 4; lastKnownFileType = sourcecode.swift; path = AnimationOperation.swift; sourceTree = "<group>"; };
		7A3DA6831EBB16F800F0539B /* AnimationViewOperation.h */ = {isa = PBXFileReference; fileEncoding = 4; lastKnownFileType = sourcecode.c.h; path = AnimationViewOperation.h; sourceTree = "<group>"; };
		7A3DA6841EBB16F800F0539B /* AnimationViewOperation.m */ = {isa = PBXFileReference; fileEncoding = 4; lastKnownFileType = sourcecode.c.objc; path = AnimationViewOperation.m; sourceTree = "<group>"; };
/* End PBXFileReference section */

/* Begin PBXFrameworksBuildPhase section */
		7A0973631E4AFF25003867AF /* Frameworks */ = {
			isa = PBXFrameworksBuildPhase;
			buildActionMask = 2147483647;
			files = (
			);
			runOnlyForDeploymentPostprocessing = 0;
		};
/* End PBXFrameworksBuildPhase section */

/* Begin PBXGroup section */
		7A09735D1E4AFF25003867AF = {
			isa = PBXGroup;
			children = (
				7A0973681E4AFF25003867AF /* GCDDemo */,
				7A0973671E4AFF25003867AF /* Products */,
			);
			sourceTree = "<group>";
		};
		7A0973671E4AFF25003867AF /* Products */ = {
			isa = PBXGroup;
			children = (
				7A0973661E4AFF25003867AF /* GCDDemo.app */,
			);
			name = Products;
			sourceTree = "<group>";
		};
		7A0973681E4AFF25003867AF /* GCDDemo */ = {
			isa = PBXGroup;
			children = (
				7A0973691E4AFF25003867AF /* AppDelegate.swift */,
				7A09736B1E4AFF25003867AF /* ViewController.swift */,
				7A09B6D51EB9BDB400D62529 /* AnimationOperation.swift */,
				7A3DA6831EBB16F800F0539B /* AnimationViewOperation.h */,
				7A3DA6841EBB16F800F0539B /* AnimationViewOperation.m */,
				7A09737C1E4B1344003867AF /* GCDObjcViewController.h */,
				7A09737D1E4B1344003867AF /* GCDObjcViewController.m */,
				7A09736D1E4AFF25003867AF /* Main.storyboard */,
				7A0973701E4AFF25003867AF /* Assets.xcassets */,
				7A0973721E4AFF25003867AF /* LaunchScreen.storyboard */,
				7A0973751E4AFF25003867AF /* Info.plist */,
				7A09737B1E4B1343003867AF /* GCDDemo-Bridging-Header.h */,
			);
			path = GCDDemo;
			sourceTree = "<group>";
		};
/* End PBXGroup section */

/* Begin PBXNativeTarget section */
		7A0973651E4AFF25003867AF /* GCDDemo */ = {
			isa = PBXNativeTarget;
			buildConfigurationList = 7A0973781E4AFF25003867AF /* Build configuration list for PBXNativeTarget "GCDDemo" */;
			buildPhases = (
				7A0973621E4AFF25003867AF /* Sources */,
				7A0973631E4AFF25003867AF /* Frameworks */,
				7A0973641E4AFF25003867AF /* Resources */,
			);
			buildRules = (
			);
			dependencies = (
			);
			name = GCDDemo;
			productName = GCDDemo;
			productReference = 7A0973661E4AFF25003867AF /* GCDDemo.app */;
			productType = "com.apple.product-type.application";
		};
/* End PBXNativeTarget section */

/* Begin PBXProject section */
		7A09735E1E4AFF25003867AF /* Project object */ = {
			isa = PBXProject;
			attributes = {
				LastSwiftUpdateCheck = 0820;
				LastUpgradeCheck = 0820;
				ORGANIZATIONNAME = "逢阳曹";
				TargetAttributes = {
					7A0973651E4AFF25003867AF = {
						CreatedOnToolsVersion = 8.2.1;
						DevelopmentTeam = 7Q8V8K83D7;
						LastSwiftMigration = 0820;
						ProvisioningStyle = Automatic;
					};
				};
			};
			buildConfigurationList = 7A0973611E4AFF25003867AF /* Build configuration list for PBXProject "GCDDemo" */;
			compatibilityVersion = "Xcode 3.2";
			developmentRegion = English;
			hasScannedForEncodings = 0;
			knownRegions = (
				en,
				Base,
			);
			mainGroup = 7A09735D1E4AFF25003867AF;
			productRefGroup = 7A0973671E4AFF25003867AF /* Products */;
			projectDirPath = "";
			projectRoot = "";
			targets = (
				7A0973651E4AFF25003867AF /* GCDDemo */,
			);
		};
/* End PBXProject section */

/* Begin PBXResourcesBuildPhase section */
		7A0973641E4AFF25003867AF /* Resources */ = {
			isa = PBXResourcesBuildPhase;
			buildActionMask = 2147483647;
			files = (
				7A0973741E4AFF25003867AF /* LaunchScreen.storyboard in Resources */,
				7A0973711E4AFF25003867AF /* Assets.xcassets in Resources */,
				7A09736F1E4AFF25003867AF /* Main.storyboard in Resources */,
			);
			runOnlyForDeploymentPostprocessing = 0;
		};
/* End PBXResourcesBuildPhase section */

/* Begin PBXSourcesBuildPhase section */
		7A0973621E4AFF25003867AF /* Sources */ = {
			isa = PBXSourcesBuildPhase;
			buildActionMask = 2147483647;
			files = (
				7A09B6D61EB9BDB400D62529 /* AnimationOperation.swift in Sources */,
				7A3DA6851EBB16F800F0539B /* AnimationViewOperation.m in Sources */,
				7A09736C1E4AFF25003867AF /* ViewController.swift in Sources */,
				7A09737E1E4B1344003867AF /* GCDObjcViewController.m in Sources */,
				7A09736A1E4AFF25003867AF /* AppDelegate.swift in Sources */,
			);
			runOnlyForDeploymentPostprocessing = 0;
		};
/* End PBXSourcesBuildPhase section */

/* Begin PBXVariantGroup section */
		7A09736D1E4AFF25003867AF /* Main.storyboard */ = {
			isa = PBXVariantGroup;
			children = (
				7A09736E1E4AFF25003867AF /* Base */,
			);
			name = Main.storyboard;
			sourceTree = "<group>";
		};
		7A0973721E4AFF25003867AF /* LaunchScreen.storyboard */ = {
			isa = PBXVariantGroup;
			children = (
				7A0973731E4AFF25003867AF /* Base */,
			);
			name = LaunchScreen.storyboard;
			sourceTree = "<group>";
		};
/* End PBXVariantGroup section */

/* Begin XCBuildConfiguration section */
		7A0973761E4AFF25003867AF /* Debug */ = {
			isa = XCBuildConfiguration;
			buildSettings = {
				ALWAYS_SEARCH_USER_PATHS = NO;
				CLANG_ANALYZER_NONNULL = YES;
				CLANG_CXX_LANGUAGE_STANDARD = "gnu++0x";
				CLANG_CXX_LIBRARY = "libc++";
				CLANG_ENABLE_MODULES = YES;
				CLANG_ENABLE_OBJC_ARC = YES;
				CLANG_WARN_BOOL_CONVERSION = YES;
				CLANG_WARN_CONSTANT_CONVERSION = YES;
				CLANG_WARN_DIRECT_OBJC_ISA_USAGE = YES_ERROR;
				CLANG_WARN_DOCUMENTATION_COMMENTS = YES;
				CLANG_WARN_EMPTY_BODY = YES;
				CLANG_WARN_ENUM_CONVERSION = YES;
				CLANG_WARN_INFINITE_RECURSION = YES;
				CLANG_WARN_INT_CONVERSION = YES;
				CLANG_WARN_OBJC_ROOT_CLASS = YES_ERROR;
				CLANG_WARN_SUSPICIOUS_MOVE = YES;
				CLANG_WARN_UNREACHABLE_CODE = YES;
				CLANG_WARN__DUPLICATE_METHOD_MATCH = YES;
				"CODE_SIGN_IDENTITY[sdk=iphoneos*]" = "iPhone Developer";
				COPY_PHASE_STRIP = NO;
				DEBUG_INFORMATION_FORMAT = dwarf;
				ENABLE_STRICT_OBJC_MSGSEND = YES;
				ENABLE_TESTABILITY = YES;
				GCC_C_LANGUAGE_STANDARD = gnu99;
				GCC_DYNAMIC_NO_PIC = NO;
				GCC_NO_COMMON_BLOCKS = YES;
				GCC_OPTIMIZATION_LEVEL = 0;
				GCC_PREPROCESSOR_DEFINITIONS = (
					"DEBUG=1",
					"$(inherited)",
				);
				GCC_WARN_64_TO_32_BIT_CONVERSION = YES;
				GCC_WARN_ABOUT_RETURN_TYPE = YES_ERROR;
				GCC_WARN_UNDECLARED_SELECTOR = YES;
				GCC_WARN_UNINITIALIZED_AUTOS = YES_AGGRESSIVE;
				GCC_WARN_UNUSED_FUNCTION = YES;
				GCC_WARN_UNUSED_VARIABLE = YES;
				IPHONEOS_DEPLOYMENT_TARGET = 10.2;
				MTL_ENABLE_DEBUG_INFO = YES;
				ONLY_ACTIVE_ARCH = YES;
				SDKROOT = iphoneos;
				SWIFT_ACTIVE_COMPILATION_CONDITIONS = DEBUG;
				SWIFT_OPTIMIZATION_LEVEL = "-Onone";
				TARGETED_DEVICE_FAMILY = "1,2";
			};
			name = Debug;
		};
		7A0973771E4AFF25003867AF /* Release */ = {
			isa = XCBuildConfiguration;
			buildSettings = {
				ALWAYS_SEARCH_USER_PATHS = NO;
				CLANG_ANALYZER_NONNULL = YES;
				CLANG_CXX_LANGUAGE_STANDARD = "gnu++0x";
				CLANG_CXX_LIBRARY = "libc++";
				CLANG_ENABLE_MODULES = YES;
				CLANG_ENABLE_OBJC_ARC = YES;
				CLANG_WARN_BOOL_CONVERSION = YES;
				CLANG_WARN_CONSTANT_CONVERSION = YES;
				CLANG_WARN_DIRECT_OBJC_ISA_USAGE = YES_ERROR;
				CLANG_WARN_DOCUMENTATION_COMMENTS = YES;
				CLANG_WARN_EMPTY_BODY = YES;
				CLANG_WARN_ENUM_CONVERSION = YES;
				CLANG_WARN_INFINITE_RECURSION = YES;
				CLANG_WARN_INT_CONVERSION = YES;
				CLANG_WARN_OBJC_ROOT_CLASS = YES_ERROR;
				CLANG_WARN_SUSPICIOUS_MOVE = YES;
				CLANG_WARN_UNREACHABLE_CODE = YES;
				CLANG_WARN__DUPLICATE_METHOD_MATCH = YES;
				"CODE_SIGN_IDENTITY[sdk=iphoneos*]" = "iPhone Developer";
				COPY_PHASE_STRIP = NO;
				DEBUG_INFORMATION_FORMAT = "dwarf-with-dsym";
				ENABLE_NS_ASSERTIONS = NO;
				ENABLE_STRICT_OBJC_MSGSEND = YES;
				GCC_C_LANGUAGE_STANDARD = gnu99;
				GCC_NO_COMMON_BLOCKS = YES;
				GCC_WARN_64_TO_32_BIT_CONVERSION = YES;
				GCC_WARN_ABOUT_RETURN_TYPE = YES_ERROR;
				GCC_WARN_UNDECLARED_SELECTOR = YES;
				GCC_WARN_UNINITIALIZED_AUTOS = YES_AGGRESSIVE;
				GCC_WARN_UNUSED_FUNCTION = YES;
				GCC_WARN_UNUSED_VARIABLE = YES;
				IPHONEOS_DEPLOYMENT_TARGET = 10.2;
				MTL_ENABLE_DEBUG_INFO = NO;
				SDKROOT = iphoneos;
				SWIFT_OPTIMIZATION_LEVEL = "-Owholemodule";
				TARGETED_DEVICE_FAMILY = "1,2";
				VALIDATE_PRODUCT = YES;
			};
			name = Release;
		};
		7A0973791E4AFF25003867AF /* Debug */ = {
			isa = XCBuildConfiguration;
			buildSettings = {
				ASSETCATALOG_COMPILER_APPICON_NAME = AppIcon;
				CLANG_ENABLE_MODULES = YES;
				DEVELOPMENT_TEAM = 7Q8V8K83D7;
				INFOPLIST_FILE = GCDDemo/Info.plist;
				LD_RUNPATH_SEARCH_PATHS = "$(inherited) @executable_path/Frameworks";
				PRODUCT_BUNDLE_IDENTIFIER = com.fengyangcao.GCDDemo;
				PRODUCT_NAME = "$(TARGET_NAME)";
				SWIFT_OBJC_BRIDGING_HEADER = "GCDDemo/GCDDemo-Bridging-Header.h";
				SWIFT_OPTIMIZATION_LEVEL = "-Onone";
				SWIFT_VERSION = 3.0;
			};
			name = Debug;
		};
		7A09737A1E4AFF25003867AF /* Release */ = {
			isa = XCBuildConfiguration;
			buildSettings = {
				ASSETCATALOG_COMPILER_APPICON_NAME = AppIcon;
				CLANG_ENABLE_MODULES = YES;
				DEVELOPMENT_TEAM = 7Q8V8K83D7;
				INFOPLIST_FILE = GCDDemo/Info.plist;
				LD_RUNPATH_SEARCH_PATHS = "$(inherited) @executable_path/Frameworks";
				PRODUCT_BUNDLE_IDENTIFIER = com.fengyangcao.GCDDemo;
				PRODUCT_NAME = "$(TARGET_NAME)";
				SWIFT_OBJC_BRIDGING_HEADER = "GCDDemo/GCDDemo-Bridging-Header.h";
				SWIFT_VERSION = 3.0;
			};
			name = Release;
		};
/* End XCBuildConfiguration section */

/* Begin XCConfigurationList section */
		7A0973611E4AFF25003867AF /* Build configuration list for PBXProject "GCDDemo" */ = {
			isa = XCConfigurationList;
			buildConfigurations = (
				7A0973761E4AFF25003867AF /* Debug */,
				7A0973771E4AFF25003867AF /* Release */,
			);
			defaultConfigurationIsVisible = 0;
			defaultConfigurationName = Release;
		};
		7A0973781E4AFF25003867AF /* Build configuration list for PBXNativeTarget "GCDDemo" */ = {
			isa = XCConfigurationList;
			buildConfigurations = (
				7A0973791E4AFF25003867AF /* Debug */,
				7A09737A1E4AFF25003867AF /* Release */,
			);
			defaultConfigurationIsVisible = 0;
			defaultConfigurationName = Release;
		};
/* End XCConfigurationList section */
	};
	rootObject = 7A09735E1E4AFF25003867AF /* Project object */;
}
